
Microsoft Visual Studio Solution File, Format Version 12.00
# Visual Studio 14
VisualStudioVersion = 14.0.23107.0
MinimumVisualStudioVersion = 10.0.40219.1
Project("{2150E333-8FDC-42A3-9474-1A3956D46DE8}") = "src", "src", "{18AA1C16-CBB7-4ACA-921D-DDE4C4DD2DC4}"
EndProject
Project("{FAE04EC0-301F-11D3-BF4B-00C04F79EFBC}") = "Mvp.WinForms", "src\Mvp.WinForms\Mvp.WinForms.csproj", "{24A66938-C37C-47A6-8F59-FE697D958C33}"
EndProject
Global
	GlobalSection(SolutionConfigurationPlatforms) = preSolution
		Debug|Any CPU = Debug|Any CPU
		Release|Any CPU = Release|Any CPU
	EndGlobalSection
	GlobalSection(ProjectConfigurationPlatforms) = postSolution
		{24A66938-C37C-47A6-8F59-FE697D958C33}.Debug|Any CPU.ActiveCfg = Debug|Any CPU
		{24A66938-C37C-47A6-8F59-FE697D958C33}.Debug|Any CPU.Build.0 = Debug|Any CPU
		{24A66938-C37C-47A6-8F59-FE697D958C33}.Release|Any CPU.ActiveCfg = Release|Any CPU
		{24A66938-C37C-47A6-8F59-FE697D958C33}.Release|Any CPU.Build.0 = Release|Any CPU
	EndGlobalSection
	GlobalSection(SolutionProperties) = preSolution
		HideSolutionNode = FALSE
	EndGlobalSection
	GlobalSection(NestedProjects) = preSolution
		{24A66938-C37C-47A6-8F59-FE697D958C33} = {18AA1C16-CBB7-4ACA-921D-DDE4C4DD2DC4}
	EndGlobalSection
EndGlobal
