
Microsoft Visual Studio Solution File, Format Version 12.00
# Visual Studio 14
VisualStudioVersion = 14.0.23107.0
MinimumVisualStudioVersion = 10.0.40219.1
Project("{2150E333-8FDC-42A3-9474-1A3956D46DE8}") = "src", "src", "{5BFF5983-3ABD-4DA3-A724-471D4477B980}"
EndProject
Project("{2150E333-8FDC-42A3-9474-1A3956D46DE8}") = "tests", "tests", "{B8550527-3077-4E4F-BFE8-53BF9D5F6336}"
EndProject
Project("{FAE04EC0-301F-11D3-BF4B-00C04F79EFBC}") = "CodeGate.FxCop", "src\CodeGate.FxCop\CodeGate.FxCop.csproj", "{BB4643B7-4CB1-498C-B623-CB9ECDE937BA}"
EndProject
Project("{FAE04EC0-301F-11D3-BF4B-00C04F79EFBC}") = "CodeGate.Installer", "src\CodeGate.Installer\CodeGate.Installer.csproj", "{472E0302-F255-4972-99D9-C7063B227E51}"
EndProject
Project("{FAE04EC0-301F-11D3-BF4B-00C04F79EFBC}") = "CodeGate.ServiceExtension", "src\CodeGate.ServiceExtension\CodeGate.ServiceExtension.csproj", "{91FC89E2-B7FF-4FDD-BD22-4878FDF94742}"
EndProject
Project("{FAE04EC0-301F-11D3-BF4B-00C04F79EFBC}") = "CodeGate.Analyzer", "src\CodeGate.Analyzer\CodeGate.Analyzer\CodeGate.Analyzer.csproj", "{AF9C6D04-98F1-4568-8F6B-62B5D38562A1}"
EndProject
Project("{FAE04EC0-301F-11D3-BF4B-00C04F79EFBC}") = "CodeGate.Analyzer.Test", "src\CodeGate.Analyzer\CodeGate.Analyzer.Test\CodeGate.Analyzer.Test.csproj", "{5825C1EE-65B5-424F-9D1B-B594BD1E4CFC}"
EndProject
Project("{FAE04EC0-301F-11D3-BF4B-00C04F79EFBC}") = "CodeGate.Analyzer.Vsix", "src\CodeGate.Analyzer\CodeGate.Analyzer.Vsix\CodeGate.Analyzer.Vsix.csproj", "{C92A3BDF-F3AD-4BB9-B1EC-29A2BAADC6C6}"
EndProject
Project("{FAE04EC0-301F-11D3-BF4B-00C04F79EFBC}") = "CodeGate.Tfs.ApplicationTier", "src\CodeGate.Tfs.ApplicationTier\CodeGate.Tfs.ApplicationTier.csproj", "{B9A079A0-2243-49D9-B0A3-7A7E15DA6369}"
EndProject
Project("{FAE04EC0-301F-11D3-BF4B-00C04F79EFBC}") = "CodeGate.Tfs.ApplicationTier.Tests", "tests\CodeGate.Tfs.ApplicationTier.Tests\CodeGate.Tfs.ApplicationTier.Tests.csproj", "{C4A541BA-2A71-4F5F-9993-99F23FFBE844}"
EndProject
Global
	GlobalSection(SolutionConfigurationPlatforms) = preSolution
		Debug|Any CPU = Debug|Any CPU
		Debug|x86 = Debug|x86
		Release|Any CPU = Release|Any CPU
		Release|x86 = Release|x86
	EndGlobalSection
	GlobalSection(ProjectConfigurationPlatforms) = postSolution
		{BB4643B7-4CB1-498C-B623-CB9ECDE937BA}.Debug|Any CPU.ActiveCfg = Debug|Any CPU
		{BB4643B7-4CB1-498C-B623-CB9ECDE937BA}.Debug|Any CPU.Build.0 = Debug|Any CPU
		{BB4643B7-4CB1-498C-B623-CB9ECDE937BA}.Debug|x86.ActiveCfg = Debug|x86
		{BB4643B7-4CB1-498C-B623-CB9ECDE937BA}.Debug|x86.Build.0 = Debug|x86
		{BB4643B7-4CB1-498C-B623-CB9ECDE937BA}.Release|Any CPU.ActiveCfg = Release|Any CPU
		{BB4643B7-4CB1-498C-B623-CB9ECDE937BA}.Release|Any CPU.Build.0 = Release|Any CPU
		{BB4643B7-4CB1-498C-B623-CB9ECDE937BA}.Release|x86.ActiveCfg = Release|x86
		{BB4643B7-4CB1-498C-B623-CB9ECDE937BA}.Release|x86.Build.0 = Release|x86
		{472E0302-F255-4972-99D9-C7063B227E51}.Debug|Any CPU.ActiveCfg = Debug|Any CPU
		{472E0302-F255-4972-99D9-C7063B227E51}.Debug|Any CPU.Build.0 = Debug|Any CPU
		{472E0302-F255-4972-99D9-C7063B227E51}.Debug|x86.ActiveCfg = Debug|Any CPU
		{472E0302-F255-4972-99D9-C7063B227E51}.Debug|x86.Build.0 = Debug|Any CPU
		{472E0302-F255-4972-99D9-C7063B227E51}.Release|Any CPU.ActiveCfg = Release|Any CPU
		{472E0302-F255-4972-99D9-C7063B227E51}.Release|Any CPU.Build.0 = Release|Any CPU
		{472E0302-F255-4972-99D9-C7063B227E51}.Release|x86.ActiveCfg = Release|Any CPU
		{472E0302-F255-4972-99D9-C7063B227E51}.Release|x86.Build.0 = Release|Any CPU
		{91FC89E2-B7FF-4FDD-BD22-4878FDF94742}.Debug|Any CPU.ActiveCfg = Debug|Any CPU
		{91FC89E2-B7FF-4FDD-BD22-4878FDF94742}.Debug|Any CPU.Build.0 = Debug|Any CPU
		{91FC89E2-B7FF-4FDD-BD22-4878FDF94742}.Debug|x86.ActiveCfg = Debug|Any CPU
		{91FC89E2-B7FF-4FDD-BD22-4878FDF94742}.Debug|x86.Build.0 = Debug|Any CPU
		{91FC89E2-B7FF-4FDD-BD22-4878FDF94742}.Release|Any CPU.ActiveCfg = Release|Any CPU
		{91FC89E2-B7FF-4FDD-BD22-4878FDF94742}.Release|Any CPU.Build.0 = Release|Any CPU
		{91FC89E2-B7FF-4FDD-BD22-4878FDF94742}.Release|x86.ActiveCfg = Release|Any CPU
		{91FC89E2-B7FF-4FDD-BD22-4878FDF94742}.Release|x86.Build.0 = Release|Any CPU
		{AF9C6D04-98F1-4568-8F6B-62B5D38562A1}.Debug|Any CPU.ActiveCfg = Debug|Any CPU
		{AF9C6D04-98F1-4568-8F6B-62B5D38562A1}.Debug|Any CPU.Build.0 = Debug|Any CPU
		{AF9C6D04-98F1-4568-8F6B-62B5D38562A1}.Debug|x86.ActiveCfg = Debug|Any CPU
		{AF9C6D04-98F1-4568-8F6B-62B5D38562A1}.Debug|x86.Build.0 = Debug|Any CPU
		{AF9C6D04-98F1-4568-8F6B-62B5D38562A1}.Release|Any CPU.ActiveCfg = Release|Any CPU
		{AF9C6D04-98F1-4568-8F6B-62B5D38562A1}.Release|Any CPU.Build.0 = Release|Any CPU
		{AF9C6D04-98F1-4568-8F6B-62B5D38562A1}.Release|x86.ActiveCfg = Release|Any CPU
		{AF9C6D04-98F1-4568-8F6B-62B5D38562A1}.Release|x86.Build.0 = Release|Any CPU
		{5825C1EE-65B5-424F-9D1B-B594BD1E4CFC}.Debug|Any CPU.ActiveCfg = Debug|Any CPU
		{5825C1EE-65B5-424F-9D1B-B594BD1E4CFC}.Debug|Any CPU.Build.0 = Debug|Any CPU
		{5825C1EE-65B5-424F-9D1B-B594BD1E4CFC}.Debug|x86.ActiveCfg = Debug|Any CPU
		{5825C1EE-65B5-424F-9D1B-B594BD1E4CFC}.Debug|x86.Build.0 = Debug|Any CPU
		{5825C1EE-65B5-424F-9D1B-B594BD1E4CFC}.Release|Any CPU.ActiveCfg = Release|Any CPU
		{5825C1EE-65B5-424F-9D1B-B594BD1E4CFC}.Release|Any CPU.Build.0 = Release|Any CPU
		{5825C1EE-65B5-424F-9D1B-B594BD1E4CFC}.Release|x86.ActiveCfg = Release|Any CPU
		{5825C1EE-65B5-424F-9D1B-B594BD1E4CFC}.Release|x86.Build.0 = Release|Any CPU
		{C92A3BDF-F3AD-4BB9-B1EC-29A2BAADC6C6}.Debug|Any CPU.ActiveCfg = Debug|Any CPU
		{C92A3BDF-F3AD-4BB9-B1EC-29A2BAADC6C6}.Debug|Any CPU.Build.0 = Debug|Any CPU
		{C92A3BDF-F3AD-4BB9-B1EC-29A2BAADC6C6}.Debug|x86.ActiveCfg = Debug|Any CPU
		{C92A3BDF-F3AD-4BB9-B1EC-29A2BAADC6C6}.Debug|x86.Build.0 = Debug|Any CPU
		{C92A3BDF-F3AD-4BB9-B1EC-29A2BAADC6C6}.Release|Any CPU.ActiveCfg = Release|Any CPU
		{C92A3BDF-F3AD-4BB9-B1EC-29A2BAADC6C6}.Release|Any CPU.Build.0 = Release|Any CPU
		{C92A3BDF-F3AD-4BB9-B1EC-29A2BAADC6C6}.Release|x86.ActiveCfg = Release|Any CPU
		{C92A3BDF-F3AD-4BB9-B1EC-29A2BAADC6C6}.Release|x86.Build.0 = Release|Any CPU
		{B9A079A0-2243-49D9-B0A3-7A7E15DA6369}.Debug|Any CPU.ActiveCfg = Debug|Any CPU
		{B9A079A0-2243-49D9-B0A3-7A7E15DA6369}.Debug|Any CPU.Build.0 = Debug|Any CPU
		{B9A079A0-2243-49D9-B0A3-7A7E15DA6369}.Debug|x86.ActiveCfg = Debug|Any CPU
		{B9A079A0-2243-49D9-B0A3-7A7E15DA6369}.Debug|x86.Build.0 = Debug|Any CPU
		{B9A079A0-2243-49D9-B0A3-7A7E15DA6369}.Release|Any CPU.ActiveCfg = Release|Any CPU
		{B9A079A0-2243-49D9-B0A3-7A7E15DA6369}.Release|Any CPU.Build.0 = Release|Any CPU
		{B9A079A0-2243-49D9-B0A3-7A7E15DA6369}.Release|x86.ActiveCfg = Release|Any CPU
		{B9A079A0-2243-49D9-B0A3-7A7E15DA6369}.Release|x86.Build.0 = Release|Any CPU
		{C4A541BA-2A71-4F5F-9993-99F23FFBE844}.Debug|Any CPU.ActiveCfg = Debug|Any CPU
		{C4A541BA-2A71-4F5F-9993-99F23FFBE844}.Debug|Any CPU.Build.0 = Debug|Any CPU
		{C4A541BA-2A71-4F5F-9993-99F23FFBE844}.Debug|x86.ActiveCfg = Debug|Any CPU
		{C4A541BA-2A71-4F5F-9993-99F23FFBE844}.Debug|x86.Build.0 = Debug|Any CPU
		{C4A541BA-2A71-4F5F-9993-99F23FFBE844}.Release|Any CPU.ActiveCfg = Release|Any CPU
		{C4A541BA-2A71-4F5F-9993-99F23FFBE844}.Release|Any CPU.Build.0 = Release|Any CPU
		{C4A541BA-2A71-4F5F-9993-99F23FFBE844}.Release|x86.ActiveCfg = Release|Any CPU
		{C4A541BA-2A71-4F5F-9993-99F23FFBE844}.Release|x86.Build.0 = Release|Any CPU
	EndGlobalSection
	GlobalSection(SolutionProperties) = preSolution
		HideSolutionNode = FALSE
	EndGlobalSection
	GlobalSection(NestedProjects) = preSolution
		{BB4643B7-4CB1-498C-B623-CB9ECDE937BA} = {5BFF5983-3ABD-4DA3-A724-471D4477B980}
		{472E0302-F255-4972-99D9-C7063B227E51} = {5BFF5983-3ABD-4DA3-A724-471D4477B980}
		{91FC89E2-B7FF-4FDD-BD22-4878FDF94742} = {5BFF5983-3ABD-4DA3-A724-471D4477B980}
		{AF9C6D04-98F1-4568-8F6B-62B5D38562A1} = {5BFF5983-3ABD-4DA3-A724-471D4477B980}
		{5825C1EE-65B5-424F-9D1B-B594BD1E4CFC} = {B8550527-3077-4E4F-BFE8-53BF9D5F6336}
		{C92A3BDF-F3AD-4BB9-B1EC-29A2BAADC6C6} = {5BFF5983-3ABD-4DA3-A724-471D4477B980}
		{B9A079A0-2243-49D9-B0A3-7A7E15DA6369} = {5BFF5983-3ABD-4DA3-A724-471D4477B980}
		{C4A541BA-2A71-4F5F-9993-99F23FFBE844} = {B8550527-3077-4E4F-BFE8-53BF9D5F6336}
	EndGlobalSection
EndGlobal
